
Microsoft Visual Studio Solution File, Format Version 12.00
# Visual Studio Version 17
VisualStudioVersion = 17.14.37012.4 d17.14
MinimumVisualStudioVersion = 10.0.40219.1
Project("{FAE04EC0-301F-11D3-BF4B-00C04F79EFBC}") = "InventoryApi", "InventoryApi\InventoryApi.csproj", "{86FFBF4A-4E9A-49EC-B280-B590839B5947}"
EndProject
Global
	GlobalSection(SolutionConfigurationPlatforms) = preSolution
		Debug|Any CPU = Debug|Any CPU
		Release|Any CPU = Release|Any CPU
	EndGlobalSection
	GlobalSection(ProjectConfigurationPlatforms) = postSolution
		{86FFBF4A-4E9A-49EC-B280-B590839B5947}.Debug|Any CPU.ActiveCfg = Debug|Any CPU
		{86FFBF4A-4E9A-49EC-B280-B590839B5947}.Debug|Any CPU.Build.0 = Debug|Any CPU
		{86FFBF4A-4E9A-49EC-B280-B590839B5947}.Release|Any CPU.ActiveCfg = Release|Any CPU
		{86FFBF4A-4E9A-49EC-B280-B590839B5947}.Release|Any CPU.Build.0 = Release|Any CPU
	EndGlobalSection
	GlobalSection(SolutionProperties) = preSolution
		HideSolutionNode = FALSE
	EndGlobalSection
	GlobalSection(ExtensibilityGlobals) = postSolution
		SolutionGuid = {F22444FA-66CC-4A03-8E12-74638B57C59A}
	EndGlobalSection
EndGlobal
